
Microsoft Visual Studio Solution File, Format Version 12.00
# Visual Studio Version 17
VisualStudioVersion = 17.10.35013.160
MinimumVisualStudioVersion = 10.0.40219.1
Project("{FAE04EC0-301F-11D3-BF4B-00C04F79EFBC}") = "MvcEfDemo", "MvcEfDemo.csproj", "{2EEA2B17-A798-4E02-8737-E6EF72766AEF}"
EndProject
Global
	GlobalSection(SolutionConfigurationPlatforms) = preSolution
		Debug|Any CPU = Debug|Any CPU
		Release|Any CPU = Release|Any CPU
	EndGlobalSection
	GlobalSection(ProjectConfigurationPlatforms) = postSolution
		{2EEA2B17-A798-4E02-8737-E6EF72766AEF}.Debug|Any CPU.ActiveCfg = Debug|Any CPU
		{2EEA2B17-A798-4E02-8737-E6EF72766AEF}.Debug|Any CPU.Build.0 = Debug|Any CPU
		{2EEA2B17-A798-4E02-8737-E6EF72766AEF}.Release|Any CPU.ActiveCfg = Release|Any CPU
		{2EEA2B17-A798-4E02-8737-E6EF72766AEF}.Release|Any CPU.Build.0 = Release|Any CPU
	EndGlobalSection
	GlobalSection(SolutionProperties) = preSolution
		HideSolutionNode = FALSE
	EndGlobalSection
	GlobalSection(ExtensibilityGlobals) = postSolution
		SolutionGuid = {3E9BE976-B265-484E-A755-DB6A26A87749}
	EndGlobalSection
EndGlobal
